Microsoft Visual Studio Solution File, Format Version 12.00
# Visual Studio Version 17
VisualStudioVersion = 17.5.2.0
MinimumVisualStudioVersion = 10.0.40219.1
Project("{FAE04EC0-301F-11D3-BF4B-00C04F79EFBC}") = "program004d-12-stridani", "program004d-12-stridani.csproj", "{10CDDD6B-9318-D684-97BC-6CE1124176FE}"
EndProject
Global
	GlobalSection(SolutionConfigurationPlatforms) = preSolution
		Debug|Any CPU = Debug|Any CPU
		Release|Any CPU = Release|Any CPU
	EndGlobalSection
	GlobalSection(ProjectConfigurationPlatforms) = postSolution
		{10CDDD6B-9318-D684-97BC-6CE1124176FE}.Debug|Any CPU.ActiveCfg = Debug|Any CPU
		{10CDDD6B-9318-D684-97BC-6CE1124176FE}.Debug|Any CPU.Build.0 = Debug|Any CPU
		{10CDDD6B-9318-D684-97BC-6CE1124176FE}.Release|Any CPU.ActiveCfg = Release|Any CPU
		{10CDDD6B-9318-D684-97BC-6CE1124176FE}.Release|Any CPU.Build.0 = Release|Any CPU
	EndGlobalSection
	GlobalSection(SolutionProperties) = preSolution
		HideSolutionNode = FALSE
	EndGlobalSection
	GlobalSection(ExtensibilityGlobals) = postSolution
		SolutionGuid = {14BFCAE3-CB8A-410B-9B0D-766CD7400204}
	EndGlobalSection
EndGlobal
